
Microsoft Visual Studio Solution File, Format Version 12.00
# Visual Studio Version 17
VisualStudioVersion = 17.10.35027.167
MinimumVisualStudioVersion = 10.0.40219.1
Project("{9A19103F-16F7-4668-BE54-9A1E7A4F7556}") = "CMS.Data", "CMS.Data\CMS.Data.csproj", "{CDB86F05-6FAB-431C-A50A-8169324E74F5}"
EndProject
Project("{FAE04EC0-301F-11D3-BF4B-00C04F79EFBC}") = "CMS Backend", "CMS Backend\CMS Backend.csproj", "{F19B2C86-3C34-4264-A08D-FF1E6A070846}"
EndProject
Project("{E24C65DC-7377-472B-9ABA-BC803B73C61A}") = "cms.frontend", "cms.frontend\", "{2D602FE1-76CF-4D21-BE97-4C1FB312C726}"
	ProjectSection(WebsiteProperties) = preProject
		TargetFrameworkMoniker = ".NETFramework,Version%3Dv4.8"
		Debug.AspNetCompiler.VirtualPath = "/localhost_61061"
		Debug.AspNetCompiler.PhysicalPath = "cms.frontend\"
		Debug.AspNetCompiler.TargetPath = "PrecompiledWeb\localhost_61061\"
		Debug.AspNetCompiler.Updateable = "true"
		Debug.AspNetCompiler.ForceOverwrite = "true"
		Debug.AspNetCompiler.FixedNames = "false"
		Debug.AspNetCompiler.Debug = "True"
		Release.AspNetCompiler.VirtualPath = "/localhost_61061"
		Release.AspNetCompiler.PhysicalPath = "cms.frontend\"
		Release.AspNetCompiler.TargetPath = "PrecompiledWeb\localhost_61061\"
		Release.AspNetCompiler.Updateable = "true"
		Release.AspNetCompiler.ForceOverwrite = "true"
		Release.AspNetCompiler.FixedNames = "false"
		Release.AspNetCompiler.Debug = "False"
		VWDPort = "61061"
		SlnRelativePath = "cms.frontend\"
	EndProjectSection
EndProject
Global
	GlobalSection(SolutionConfigurationPlatforms) = preSolution
		Debug|Any CPU = Debug|Any CPU
		Release|Any CPU = Release|Any CPU
	EndGlobalSection
	GlobalSection(ProjectConfigurationPlatforms) = postSolution
		{CDB86F05-6FAB-431C-A50A-8169324E74F5}.Debug|Any CPU.ActiveCfg = Debug|Any CPU
		{CDB86F05-6FAB-431C-A50A-8169324E74F5}.Debug|Any CPU.Build.0 = Debug|Any CPU
		{CDB86F05-6FAB-431C-A50A-8169324E74F5}.Release|Any CPU.ActiveCfg = Release|Any CPU
		{CDB86F05-6FAB-431C-A50A-8169324E74F5}.Release|Any CPU.Build.0 = Release|Any CPU
		{F19B2C86-3C34-4264-A08D-FF1E6A070846}.Debug|Any CPU.ActiveCfg = Debug|Any CPU
		{F19B2C86-3C34-4264-A08D-FF1E6A070846}.Debug|Any CPU.Build.0 = Debug|Any CPU
		{F19B2C86-3C34-4264-A08D-FF1E6A070846}.Release|Any CPU.ActiveCfg = Release|Any CPU
		{F19B2C86-3C34-4264-A08D-FF1E6A070846}.Release|Any CPU.Build.0 = Release|Any CPU
		{2D602FE1-76CF-4D21-BE97-4C1FB312C726}.Debug|Any CPU.ActiveCfg = Debug|Any CPU
		{2D602FE1-76CF-4D21-BE97-4C1FB312C726}.Debug|Any CPU.Build.0 = Debug|Any CPU
		{2D602FE1-76CF-4D21-BE97-4C1FB312C726}.Release|Any CPU.ActiveCfg = Debug|Any CPU
		{2D602FE1-76CF-4D21-BE97-4C1FB312C726}.Release|Any CPU.Build.0 = Debug|Any CPU
	EndGlobalSection
	GlobalSection(SolutionProperties) = preSolution
		HideSolutionNode = FALSE
	EndGlobalSection
	GlobalSection(ExtensibilityGlobals) = postSolution
		SolutionGuid = {9A8CDB91-50B6-400B-947B-B074B71DEB42}
	EndGlobalSection
EndGlobal
